// !$*UTF8*$!
{
	archiveVersion = 1;
	classes = {
	};
	objectVersion = 48;
	objects = {

/* Begin PBXBuildFile section */
		324A8009200D34D500B61529 /* AppDelegate.swift in Sources */ = {isa = PBXBuildFile; fileRef = 324A8008200D34D500B61529 /* AppDelegate.swift */; };
		324A800D200D352C00B61529 /* ViewController.swift in Sources */ = {isa = PBXBuildFile; fileRef = 324A800C200D352C00B61529 /* ViewController.swift */; };
		324A8016200D364700B61529 /* ViewController+ARViewDelegate.swift in Sources */ = {isa = PBXBuildFile; fileRef = 324A8015200D364700B61529 /* ViewController+ARViewDelegate.swift */; };
		324A8019200D365600B61529 /* art.scnassets in Resources */ = {isa = PBXBuildFile; fileRef = 324A8017200D365500B61529 /* art.scnassets */; };
		324A801A200D365600B61529 /* Assets.xcassets in Resources */ = {isa = PBXBuildFile; fileRef = 324A8018200D365600B61529 /* Assets.xcassets */; };
		324A801F200D36DC00B61529 /* Main.storyboard in Resources */ = {isa = PBXBuildFile; fileRef = 324A801B200D36DC00B61529 /* Main.storyboard */; };
		324A8020200D36DC00B61529 /* LaunchScreen.storyboard in Resources */ = {isa = PBXBuildFile; fileRef = 324A801D200D36DC00B61529 /* LaunchScreen.storyboard */; };
/* End PBXBuildFile section */

/* Begin PBXFileReference section */
		101631CB1F0B421300B998AC /* ArkitPlaneDetect&PlaceObject.app */ = {isa = PBXFileReference; explicitFileType = wrapper.application; includeInIndex = 0; path = "ArkitPlaneDetect&PlaceObject.app"; sourceTree = BUILT_PRODUCTS_DIR; };
		101631DA1F0B421300B998AC /* Info.plist */ = {isa = PBXFileReference; lastKnownFileType = text.plist.xml; path = Info.plist; sourceTree = "<group>"; };
		324A8008200D34D500B61529 /* AppDelegate.swift */ = {isa = PBXFileReference; fileEncoding = 4; lastKnownFileType = sourcecode.swift; path = AppDelegate.swift; sourceTree = "<group>"; };
		324A800C200D352C00B61529 /* ViewController.swift */ = {isa = PBXFileReference; fileEncoding = 4; lastKnownFileType = sourcecode.swift; path = ViewController.swift; sourceTree = "<group>"; };
		324A8015200D364700B61529 /* ViewController+ARViewDelegate.swift */ = {isa = PBXFileReference; fileEncoding = 4; lastKnownFileType = sourcecode.swift; path = "ViewController+ARViewDelegate.swift"; sourceTree = "<group>"; };
		324A8017200D365500B61529 /* art.scnassets */ = {isa = PBXFileReference; lastKnownFileType = wrapper.scnassets; path = art.scnassets; sourceTree = "<group>"; };
		324A8018200D365600B61529 /* Assets.xcassets */ = {isa = PBXFileReference; lastKnownFileType = folder.assetcatalog; path = Assets.xcassets; sourceTree = "<group>"; };
		324A801C200D36DC00B61529 /* Base */ = {isa = PBXFileReference; lastKnownFileType = file.storyboard; name = Base; path = Storyboards/Base.lproj/Main.storyboard; sourceTree = "<group>"; };
		324A801E200D36DC00B61529 /* Base */ = {isa = PBXFileReference; lastKnownFileType = file.storyboard; name = Base; path = Storyboards/Base.lproj/LaunchScreen.storyboard; sourceTree = "<group>"; };
/* End PBXFileReference section */

/* Begin PBXFrameworksBuildPhase section */
		101631C81F0B421300B998AC /* Frameworks */ = {
			isa = PBXFrameworksBuildPhase;
			buildActionMask = 2147483647;
			files = (
			);
			runOnlyForDeploymentPostprocessing = 0;
		};
/* End PBXFrameworksBuildPhase section */

/* Begin PBXGroup section */
		101631C21F0B421300B998AC = {
			isa = PBXGroup;
			children = (
				101631CD1F0B421300B998AC /* ArkitPlaneDetect&PlaceObject */,
				101631CC1F0B421300B998AC /* Products */,
			);
			sourceTree = "<group>";
		};
		101631CC1F0B421300B998AC /* Products */ = {
			isa = PBXGroup;
			children = (
				101631CB1F0B421300B998AC /* ArkitPlaneDetect&PlaceObject.app */,
			);
			name = Products;
			sourceTree = "<group>";
		};
		101631CD1F0B421300B998AC /* ArkitPlaneDetect&PlaceObject */ = {
			isa = PBXGroup;
			children = (
				324A801D200D36DC00B61529 /* LaunchScreen.storyboard */,
				324A801B200D36DC00B61529 /* Main.storyboard */,
				324A8017200D365500B61529 /* art.scnassets */,
				324A8018200D365600B61529 /* Assets.xcassets */,
				324A8014200D362C00B61529 /* Delegates */,
				324A800A200D34E400B61529 /* ViewControllers */,
				324A8007200D349700B61529 /* App and Resources */,
				101631DA1F0B421300B998AC /* Info.plist */,
			);
			path = "ArkitPlaneDetect&PlaceObject";
			sourceTree = "<group>";
		};
		324A8007200D349700B61529 /* App and Resources */ = {
			isa = PBXGroup;
			children = (
				324A8008200D34D500B61529 /* AppDelegate.swift */,
			);
			path = "App and Resources";
			sourceTree = "<group>";
		};
		324A800A200D34E400B61529 /* ViewControllers */ = {
			isa = PBXGroup;
			children = (
				324A800C200D352C00B61529 /* ViewController.swift */,
			);
			path = ViewControllers;
			sourceTree = "<group>";
		};
		324A8014200D362C00B61529 /* Delegates */ = {
			isa = PBXGroup;
			children = (
				324A8015200D364700B61529 /* ViewController+ARViewDelegate.swift */,
			);
			path = Delegates;
			sourceTree = "<group>";
		};
/* End PBXGroup section */

/* Begin PBXNativeTarget section */
		101631CA1F0B421300B998AC /* ArkitPlaneDetect&PlaceObject */ = {
			isa = PBXNativeTarget;
			buildConfigurationList = 101631DD1F0B421300B998AC /* Build configuration list for PBXNativeTarget "ArkitPlaneDetect&PlaceObject" */;
			buildPhases = (
				101631C71F0B421300B998AC /* Sources */,
				101631C81F0B421300B998AC /* Frameworks */,
				101631C91F0B421300B998AC /* Resources */,
			);
			buildRules = (
			);
			dependencies = (
			);
			name = "ArkitPlaneDetect&PlaceObject";
			productName = "ArkitPlaneDetect&PlaceObject";
			productReference = 101631CB1F0B421300B998AC /* ArkitPlaneDetect&PlaceObject.app */;
			productType = "com.apple.product-type.application";
		};
/* End PBXNativeTarget section */

/* Begin PBXProject section */
		101631C31F0B421300B998AC /* Project object */ = {
			isa = PBXProject;
			attributes = {
				LastSwiftUpdateCheck = 0900;
				LastUpgradeCheck = 0920;
				ORGANIZATIONNAME = Sris;
				TargetAttributes = {
					101631CA1F0B421300B998AC = {
						CreatedOnToolsVersion = 9.0;
						ProvisioningStyle = Automatic;
					};
				};
			};
			buildConfigurationList = 101631C61F0B421300B998AC /* Build configuration list for PBXProject "ArkitPlaneDetect&PlaceObject" */;
			compatibilityVersion = "Xcode 8.0";
			developmentRegion = en;
			hasScannedForEncodings = 0;
			knownRegions = (
				en,
				Base,
			);
			mainGroup = 101631C21F0B421300B998AC;
			productRefGroup = 101631CC1F0B421300B998AC /* Products */;
			projectDirPath = "";
			projectRoot = "";
			targets = (
				101631CA1F0B421300B998AC /* ArkitPlaneDetect&PlaceObject */,
			);
		};
/* End PBXProject section */

/* Begin PBXResourcesBuildPhase section */
		101631C91F0B421300B998AC /* Resources */ = {
			isa = PBXResourcesBuildPhase;
			buildActionMask = 2147483647;
			files = (
				324A801A200D365600B61529 /* Assets.xcassets in Resources */,
				324A8019200D365600B61529 /* art.scnassets in Resources */,
				324A8020200D36DC00B61529 /* LaunchScreen.storyboard in Resources */,
				324A801F200D36DC00B61529 /* Main.storyboard in Resources */,
			);
			runOnlyForDeploymentPostprocessing = 0;
		};
/* End PBXResourcesBuildPhase section */

/* Begin PBXSourcesBuildPhase section */
		101631C71F0B421300B998AC /* Sources */ = {
			isa = PBXSourcesBuildPhase;
			buildActionMask = 2147483647;
			files = (
				324A8009200D34D500B61529 /* AppDelegate.swift in Sources */,
				324A8016200D364700B61529 /* ViewController+ARViewDelegate.swift in Sources */,
				324A800D200D352C00B61529 /* ViewController.swift in Sources */,
			);
			runOnlyForDeploymentPostprocessing = 0;
		};
/* End PBXSourcesBuildPhase section */

/* Begin PBXVariantGroup section */
		324A801B200D36DC00B61529 /* Main.storyboard */ = {
			isa = PBXVariantGroup;
			children = (
				324A801C200D36DC00B61529 /* Base */,
			);
			name = Main.storyboard;
			sourceTree = "<group>";
		};
		324A801D200D36DC00B61529 /* LaunchScreen.storyboard */ = {
			isa = PBXVariantGroup;
			children = (
				324A801E200D36DC00B61529 /* Base */,
			);
			name = LaunchScreen.storyboard;
			sourceTree = "<group>";
		};
/* End PBXVariantGroup section */

/* Begin XCBuildConfiguration section */
		101631DB1F0B421300B998AC /* Debug */ = {
			isa = XCBuildConfiguration;
			buildSettings = {
				ALWAYS_SEARCH_USER_PATHS = NO;
				CLANG_ANALYZER_NONNULL = YES;
				CLANG_ANALYZER_NUMBER_OBJECT_CONVERSION = YES_AGGRESSIVE;
				CLANG_CXX_LANGUAGE_STANDARD = "gnu++14";
				CLANG_CXX_LIBRARY = "libc++";
				CLANG_ENABLE_MODULES = YES;
				CLANG_ENABLE_OBJC_ARC = YES;
				CLANG_WARN_BLOCK_CAPTURE_AUTORELEASING = YES;
				CLANG_WARN_BOOL_CONVERSION = YES;
				CLANG_WARN_COMMA = YES;
				CLANG_WARN_CONSTANT_CONVERSION = YES;
				CLANG_WARN_DIRECT_OBJC_ISA_USAGE = YES_ERROR;
				CLANG_WARN_DOCUMENTATION_COMMENTS = YES;
				CLANG_WARN_EMPTY_BODY = YES;
				CLANG_WARN_ENUM_CONVERSION = YES;
				CLANG_WARN_INFINITE_RECURSION = YES;
				CLANG_WARN_INT_CONVERSION = YES;
				CLANG_WARN_NON_LITERAL_NULL_CONVERSION = YES;
				CLANG_WARN_OBJC_LITERAL_CONVERSION = YES;
				CLANG_WARN_OBJC_ROOT_CLASS = YES_ERROR;
				CLANG_WARN_RANGE_LOOP_ANALYSIS = YES;
				CLANG_WARN_STRICT_PROTOTYPES = YES;
				CLANG_WARN_SUSPICIOUS_MOVE = YES;
				CLANG_WARN_UNGUARDED_AVAILABILITY = YES_AGGRESSIVE;
				CLANG_WARN_UNREACHABLE_CODE = YES;
				CLANG_WARN__DUPLICATE_METHOD_MATCH = YES;
				CODE_SIGN_IDENTITY = "iPhone Developer";
				COPY_PHASE_STRIP = NO;
				DEBUG_INFORMATION_FORMAT = dwarf;
				ENABLE_STRICT_OBJC_MSGSEND = YES;
				ENABLE_TESTABILITY = YES;
				GCC_C_LANGUAGE_STANDARD = gnu11;
				GCC_DYNAMIC_NO_PIC = NO;
				GCC_NO_COMMON_BLOCKS = YES;
				GCC_OPTIMIZATION_LEVEL = 0;
				GCC_PREPROCESSOR_DEFINITIONS = (
					"DEBUG=1",
					"$(inherited)",
				);
				GCC_WARN_64_TO_32_BIT_CONVERSION = YES;
				GCC_WARN_ABOUT_RETURN_TYPE = YES_ERROR;
				GCC_WARN_UNDECLARED_SELECTOR = YES;
				GCC_WARN_UNINITIALIZED_AUTOS = YES_AGGRESSIVE;
				GCC_WARN_UNUSED_FUNCTION = YES;
				GCC_WARN_UNUSED_VARIABLE = YES;
				IPHONEOS_DEPLOYMENT_TARGET = 11.0;
				MTL_ENABLE_DEBUG_INFO = YES;
				ONLY_ACTIVE_ARCH = YES;
				SDKROOT = iphoneos;
				SWIFT_ACTIVE_COMPILATION_CONDITIONS = DEBUG;
				SWIFT_OPTIMIZATION_LEVEL = "-Onone";
			};
			name = Debug;
		};
		101631DC1F0B421300B998AC /* Release */ = {
			isa = XCBuildConfiguration;
			buildSettings = {
				ALWAYS_SEARCH_USER_PATHS = NO;
				CLANG_ANALYZER_NONNULL = YES;
				CLANG_ANALYZER_NUMBER_OBJECT_CONVERSION = YES_AGGRESSIVE;
				CLANG_CXX_LANGUAGE_STANDARD = "gnu++14";
				CLANG_CXX_LIBRARY = "libc++";
				CLANG_ENABLE_MODULES = YES;
				CLANG_ENABLE_OBJC_ARC = YES;
				CLANG_WARN_BLOCK_CAPTURE_AUTORELEASING = YES;
				CLANG_WARN_BOOL_CONVERSION = YES;
				CLANG_WARN_COMMA = YES;
				CLANG_WARN_CONSTANT_CONVERSION = YES;
				CLANG_WARN_DIRECT_OBJC_ISA_USAGE = YES_ERROR;
				CLANG_WARN_DOCUMENTATION_COMMENTS = YES;
				CLANG_WARN_EMPTY_BODY = YES;
				CLANG_WARN_ENUM_CONVERSION = YES;
				CLANG_WARN_INFINITE_RECURSION = YES;
				CLANG_WARN_INT_CONVERSION = YES;
				CLANG_WARN_NON_LITERAL_NULL_CONVERSION = YES;
				CLANG_WARN_OBJC_LITERAL_CONVERSION = YES;
				CLANG_WARN_OBJC_ROOT_CLASS = YES_ERROR;
				CLANG_WARN_RANGE_LOOP_ANALYSIS = YES;
				CLANG_WARN_STRICT_PROTOTYPES = YES;
				CLANG_WARN_SUSPICIOUS_MOVE = YES;
				CLANG_WARN_UNGUARDED_AVAILABILITY = YES_AGGRESSIVE;
				CLANG_WARN_UNREACHABLE_CODE = YES;
				CLANG_WARN__DUPLICATE_METHOD_MATCH = YES;
				CODE_SIGN_IDENTITY = "iPhone Developer";
				COPY_PHASE_STRIP = NO;
				DEBUG_INFORMATION_FORMAT = "dwarf-with-dsym";
				ENABLE_NS_ASSERTIONS = NO;
				ENABLE_STRICT_OBJC_MSGSEND = YES;
				GCC_C_LANGUAGE_STANDARD = gnu11;
				GCC_NO_COMMON_BLOCKS = YES;
				GCC_WARN_64_TO_32_BIT_CONVERSION = YES;
				GCC_WARN_ABOUT_RETURN_TYPE = YES_ERROR;
				GCC_WARN_UNDECLARED_SELECTOR = YES;
				GCC_WARN_UNINITIALIZED_AUTOS = YES_AGGRESSIVE;
				GCC_WARN_UNUSED_FUNCTION = YES;
				GCC_WARN_UNUSED_VARIABLE = YES;
				IPHONEOS_DEPLOYMENT_TARGET = 11.0;
				MTL_ENABLE_DEBUG_INFO = NO;
				SDKROOT = iphoneos;
				SWIFT_OPTIMIZATION_LEVEL = "-Owholemodule";
				VALIDATE_PRODUCT = YES;
			};
			name = Release;
		};
		101631DE1F0B421300B998AC /* Debug */ = {
			isa = XCBuildConfiguration;
			buildSettings = {
				ASSETCATALOG_COMPILER_APPICON_NAME = AppIcon;
				"CODE_SIGN_IDENTITY[sdk=iphoneos*]" = "iPhone Developer";
				CODE_SIGN_STYLE = Automatic;
				DEVELOPMENT_TEAM = H2DHP6CM67;
				INFOPLIST_FILE = "ArkitPlaneDetect&PlaceObject/Info.plist";
				LD_RUNPATH_SEARCH_PATHS = "$(inherited) @executable_path/Frameworks";
				PRODUCT_BUNDLE_IDENTIFIER = "com.sim.ArKitPlaneDetect-PlaceObject";
				PRODUCT_NAME = "$(TARGET_NAME)";
				PROVISIONING_PROFILE_SPECIFIER = "";
				SWIFT_VERSION = 4.0;
				TARGETED_DEVICE_FAMILY = "1,2";
			};
			name = Debug;
		};
		101631DF1F0B421300B998AC /* Release */ = {
			isa = XCBuildConfiguration;
			buildSettings = {
				ASSETCATALOG_COMPILER_APPICON_NAME = AppIcon;
				"CODE_SIGN_IDENTITY[sdk=iphoneos*]" = "iPhone Developer";
				CODE_SIGN_STYLE = Automatic;
				DEVELOPMENT_TEAM = H2DHP6CM67;
				INFOPLIST_FILE = "ArkitPlaneDetect&PlaceObject/Info.plist";
				LD_RUNPATH_SEARCH_PATHS = "$(inherited) @executable_path/Frameworks";
				PRODUCT_BUNDLE_IDENTIFIER = "com.sim.ArKitPlaneDetect-PlaceObject";
				PRODUCT_NAME = "$(TARGET_NAME)";
				PROVISIONING_PROFILE_SPECIFIER = "";
				SWIFT_VERSION = 4.0;
				TARGETED_DEVICE_FAMILY = "1,2";
			};
			name = Release;
		};
/* End XCBuildConfiguration section */

/* Begin XCConfigurationList section */
		101631C61F0B421300B998AC /* Build configuration list for PBXProject "ArkitPlaneDetect&PlaceObject" */ = {
			isa = XCConfigurationList;
			buildConfigurations = (
				101631DB1F0B421300B998AC /* Debug */,
				101631DC1F0B421300B998AC /* Release */,
			);
			defaultConfigurationIsVisible = 0;
			defaultConfigurationName = Release;
		};
		101631DD1F0B421300B998AC /* Build configuration list for PBXNativeTarget "ArkitPlaneDetect&PlaceObject" */ = {
			isa = XCConfigurationList;
			buildConfigurations = (
				101631DE1F0B421300B998AC /* Debug */,
				101631DF1F0B421300B998AC /* Release */,
			);
			defaultConfigurationIsVisible = 0;
			defaultConfigurationName = Release;
		};
/* End XCConfigurationList section */
	};
	rootObject = 101631C31F0B421300B998AC /* Project object */;
}
